
Microsoft Visual Studio Solution File, Format Version 12.00
Project("{FAE04EC0-301F-11D3-BF4B-00C04F79EFBC}") = "AutoMapperNet5Test", "AutoMapperNet5Test\AutoMapperNet5Test.csproj", "{7936F10D-A2A5-481F-9D37-8096EC05F27C}"
EndProject
Global
	GlobalSection(SolutionConfigurationPlatforms) = preSolution
		Debug|Any CPU = Debug|Any CPU
		Release|Any CPU = Release|Any CPU
	EndGlobalSection
	GlobalSection(ProjectConfigurationPlatforms) = postSolution
		{7936F10D-A2A5-481F-9D37-8096EC05F27C}.Debug|Any CPU.ActiveCfg = Debug|Any CPU
		{7936F10D-A2A5-481F-9D37-8096EC05F27C}.Debug|Any CPU.Build.0 = Debug|Any CPU
		{7936F10D-A2A5-481F-9D37-8096EC05F27C}.Release|Any CPU.ActiveCfg = Release|Any CPU
		{7936F10D-A2A5-481F-9D37-8096EC05F27C}.Release|Any CPU.Build.0 = Release|Any CPU
	EndGlobalSection
EndGlobal
